
Microsoft Visual Studio Solution File, Format Version 12.00
# Visual Studio 2013
VisualStudioVersion = 12.0.30501.0
MinimumVisualStudioVersion = 10.0.40219.1
Project("{FAE04EC0-301F-11D3-BF4B-00C04F79EFBC}") = "Snapshot", "Snapshot\Snapshot.csproj", "{AFD6FED9-626C-433A-95A0-F63914F79C94}"
EndProject
Global
	GlobalSection(SolutionConfigurationPlatforms) = preSolution
		Debug 40|Any CPU = Debug 40|Any CPU
		Debug 45|Any CPU = Debug 45|Any CPU
		Release 40|Any CPU = Release 40|Any CPU
		Release 45|Any CPU = Release 45|Any CPU
	EndGlobalSection
	GlobalSection(ProjectConfigurationPlatforms) = postSolution
		{AFD6FED9-626C-433A-95A0-F63914F79C94}.Debug 40|Any CPU.ActiveCfg = Debug 40|Any CPU
		{AFD6FED9-626C-433A-95A0-F63914F79C94}.Debug 40|Any CPU.Build.0 = Debug 40|Any CPU
		{AFD6FED9-626C-433A-95A0-F63914F79C94}.Debug 45|Any CPU.ActiveCfg = Debug 45|Any CPU
		{AFD6FED9-626C-433A-95A0-F63914F79C94}.Debug 45|Any CPU.Build.0 = Debug 45|Any CPU
		{AFD6FED9-626C-433A-95A0-F63914F79C94}.Release 40|Any CPU.ActiveCfg = Release 40|Any CPU
		{AFD6FED9-626C-433A-95A0-F63914F79C94}.Release 40|Any CPU.Build.0 = Release 40|Any CPU
		{AFD6FED9-626C-433A-95A0-F63914F79C94}.Release 45|Any CPU.ActiveCfg = Release 45|Any CPU
		{AFD6FED9-626C-433A-95A0-F63914F79C94}.Release 45|Any CPU.Build.0 = Release 45|Any CPU
	EndGlobalSection
	GlobalSection(SolutionProperties) = preSolution
		HideSolutionNode = FALSE
	EndGlobalSection
EndGlobal
